
Microsoft Visual Studio Solution File, Format Version 12.00
# Visual Studio Version 17
VisualStudioVersion = 17.10.35013.160
MinimumVisualStudioVersion = 10.0.40219.1
Project("{FAE04EC0-301F-11D3-BF4B-00C04F79EFBC}") = "BasicConcept", "BasicConcept.csproj", "{3FB4C10A-6D87-4DAC-A0FC-4EC37BFA5110}"
EndProject
Global
	GlobalSection(SolutionConfigurationPlatforms) = preSolution
		Debug|Any CPU = Debug|Any CPU
		Release|Any CPU = Release|Any CPU
	EndGlobalSection
	GlobalSection(ProjectConfigurationPlatforms) = postSolution
		{3FB4C10A-6D87-4DAC-A0FC-4EC37BFA5110}.Debug|Any CPU.ActiveCfg = Debug|Any CPU
		{3FB4C10A-6D87-4DAC-A0FC-4EC37BFA5110}.Debug|Any CPU.Build.0 = Debug|Any CPU
		{3FB4C10A-6D87-4DAC-A0FC-4EC37BFA5110}.Release|Any CPU.ActiveCfg = Release|Any CPU
		{3FB4C10A-6D87-4DAC-A0FC-4EC37BFA5110}.Release|Any CPU.Build.0 = Release|Any CPU
	EndGlobalSection
	GlobalSection(SolutionProperties) = preSolution
		HideSolutionNode = FALSE
	EndGlobalSection
	GlobalSection(ExtensibilityGlobals) = postSolution
		SolutionGuid = {88D61393-FDAB-40CE-A0BE-E9CAEFCD197A}
	EndGlobalSection
EndGlobal
